
Microsoft Visual Studio Solution File, Format Version 12.00
# Visual Studio Version 16
VisualStudioVersion = 16.0.31019.35
MinimumVisualStudioVersion = 10.0.40219.1
Project("{FAE04EC0-301F-11D3-BF4B-00C04F79EFBC}") = "Student", "Student.csproj", "{3245ED4E-56FF-43AD-B47E-D750EB8E9519}"
EndProject
Global
	GlobalSection(SolutionConfigurationPlatforms) = preSolution
		Debug|Any CPU = Debug|Any CPU
		Release|Any CPU = Release|Any CPU
	EndGlobalSection
	GlobalSection(ProjectConfigurationPlatforms) = postSolution
		{3245ED4E-56FF-43AD-B47E-D750EB8E9519}.Debug|Any CPU.ActiveCfg = Debug|Any CPU
		{3245ED4E-56FF-43AD-B47E-D750EB8E9519}.Debug|Any CPU.Build.0 = Debug|Any CPU
		{3245ED4E-56FF-43AD-B47E-D750EB8E9519}.Release|Any CPU.ActiveCfg = Release|Any CPU
		{3245ED4E-56FF-43AD-B47E-D750EB8E9519}.Release|Any CPU.Build.0 = Release|Any CPU
	EndGlobalSection
	GlobalSection(SolutionProperties) = preSolution
		HideSolutionNode = FALSE
	EndGlobalSection
	GlobalSection(ExtensibilityGlobals) = postSolution
		SolutionGuid = {9D4D908E-68B0-45EB-9DA5-FA917149443B}
	EndGlobalSection
EndGlobal
